
Microsoft Visual Studio Solution File, Format Version 12.00
# Visual Studio 15
VisualStudioVersion = 15.0.28010.2026
MinimumVisualStudioVersion = 10.0.40219.1
Project("{00D1A9C2-B5F0-4AF3-8072-F6C62B433612}") = "Database1", "Database1\Database1.sqlproj", "{928DE3FE-A699-4868-9111-EE1456F5FC3D}"
EndProject
Global
	GlobalSection(SolutionConfigurationPlatforms) = preSolution
		Debug|Any CPU = Debug|Any CPU
		Release|Any CPU = Release|Any CPU
	EndGlobalSection
	GlobalSection(ProjectConfigurationPlatforms) = postSolution
		{928DE3FE-A699-4868-9111-EE1456F5FC3D}.Debug|Any CPU.ActiveCfg = Debug|Any CPU
		{928DE3FE-A699-4868-9111-EE1456F5FC3D}.Debug|Any CPU.Build.0 = Debug|Any CPU
		{928DE3FE-A699-4868-9111-EE1456F5FC3D}.Debug|Any CPU.Deploy.0 = Debug|Any CPU
		{928DE3FE-A699-4868-9111-EE1456F5FC3D}.Release|Any CPU.ActiveCfg = Release|Any CPU
		{928DE3FE-A699-4868-9111-EE1456F5FC3D}.Release|Any CPU.Build.0 = Release|Any CPU
		{928DE3FE-A699-4868-9111-EE1456F5FC3D}.Release|Any CPU.Deploy.0 = Release|Any CPU
	EndGlobalSection
	GlobalSection(SolutionProperties) = preSolution
		HideSolutionNode = FALSE
	EndGlobalSection
	GlobalSection(ExtensibilityGlobals) = postSolution
		SolutionGuid = {48F163C1-2CBA-4AC7-8AC6-3E7C9ECBD766}
	EndGlobalSection
EndGlobal
